// !$*UTF8*$!
{
	archiveVersion = 1;
	classes = {
	};
	objectVersion = 48;
	objects = {

/* Begin PBXBuildFile section */
		2343BC8321535168006BBC3A /* AppDelegate.swift in Sources */ = {isa = PBXBuildFile; fileRef = 2343BC8221535168006BBC3A /* AppDelegate.swift */; };
		2343BC8521535168006BBC3A /* ViewController.swift in Sources */ = {isa = PBXBuildFile; fileRef = 2343BC8421535168006BBC3A /* ViewController.swift */; };
		2343BC8821535168006BBC3A /* Main.storyboard in Resources */ = {isa = PBXBuildFile; fileRef = 2343BC8621535168006BBC3A /* Main.storyboard */; };
		2343BC8A21535168006BBC3A /* Assets.xcassets in Resources */ = {isa = PBXBuildFile; fileRef = 2343BC8921535168006BBC3A /* Assets.xcassets */; };
		2343BC8D21535168006BBC3A /* LaunchScreen.storyboard in Resources */ = {isa = PBXBuildFile; fileRef = 2343BC8B21535168006BBC3A /* LaunchScreen.storyboard */; };
		2343BC9821535168006BBC3A /* Clean_Mobile_Buyer_GuideTests.swift in Sources */ = {isa = PBXBuildFile; fileRef = 2343BC9721535168006BBC3A /* Clean_Mobile_Buyer_GuideTests.swift */; };
		2343BCA321535168006BBC3A /* Clean_Mobile_Buyer_GuideUITests.swift in Sources */ = {isa = PBXBuildFile; fileRef = 2343BCA221535168006BBC3A /* Clean_Mobile_Buyer_GuideUITests.swift */; };
/* End PBXBuildFile section */

/* Begin PBXContainerItemProxy section */
		2343BC9421535168006BBC3A /* PBXContainerItemProxy */ = {
			isa = PBXContainerItemProxy;
			containerPortal = 2343BC7721535167006BBC3A /* Project object */;
			proxyType = 1;
			remoteGlobalIDString = 2343BC7E21535167006BBC3A;
			remoteInfo = "Clean Mobile Buyer Guide";
		};
		2343BC9F21535168006BBC3A /* PBXContainerItemProxy */ = {
			isa = PBXContainerItemProxy;
			containerPortal = 2343BC7721535167006BBC3A /* Project object */;
			proxyType = 1;
			remoteGlobalIDString = 2343BC7E21535167006BBC3A;
			remoteInfo = "Clean Mobile Buyer Guide";
		};
/* End PBXContainerItemProxy section */

/* Begin PBXFileReference section */
		2343BC7F21535167006BBC3A /* Clean Mobile Buyer Guide.app */ = {isa = PBXFileReference; explicitFileType = wrapper.application; includeInIndex = 0; path = "Clean Mobile Buyer Guide.app"; sourceTree = BUILT_PRODUCTS_DIR; };
		2343BC8221535168006BBC3A /* AppDelegate.swift */ = {isa = PBXFileReference; lastKnownFileType = sourcecode.swift; path = AppDelegate.swift; sourceTree = "<group>"; };
		2343BC8421535168006BBC3A /* ViewController.swift */ = {isa = PBXFileReference; lastKnownFileType = sourcecode.swift; path = ViewController.swift; sourceTree = "<group>"; };
		2343BC8721535168006BBC3A /* Base */ = {isa = PBXFileReference; lastKnownFileType = file.storyboard; name = Base; path = Base.lproj/Main.storyboard; sourceTree = "<group>"; };
		2343BC8921535168006BBC3A /* Assets.xcassets */ = {isa = PBXFileReference; lastKnownFileType = folder.assetcatalog; path = Assets.xcassets; sourceTree = "<group>"; };
		2343BC8C21535168006BBC3A /* Base */ = {isa = PBXFileReference; lastKnownFileType = file.storyboard; name = Base; path = Base.lproj/LaunchScreen.storyboard; sourceTree = "<group>"; };
		2343BC8E21535168006BBC3A /* Info.plist */ = {isa = PBXFileReference; lastKnownFileType = text.plist.xml; path = Info.plist; sourceTree = "<group>"; };
		2343BC9321535168006BBC3A /* Clean Mobile Buyer GuideTests.xctest */ = {isa = PBXFileReference; explicitFileType = wrapper.cfbundle; includeInIndex = 0; path = "Clean Mobile Buyer GuideTests.xctest"; sourceTree = BUILT_PRODUCTS_DIR; };
		2343BC9721535168006BBC3A /* Clean_Mobile_Buyer_GuideTests.swift */ = {isa = PBXFileReference; lastKnownFileType = sourcecode.swift; path = Clean_Mobile_Buyer_GuideTests.swift; sourceTree = "<group>"; };
		2343BC9921535168006BBC3A /* Info.plist */ = {isa = PBXFileReference; lastKnownFileType = text.plist.xml; path = Info.plist; sourceTree = "<group>"; };
		2343BC9E21535168006BBC3A /* Clean Mobile Buyer GuideUITests.xctest */ = {isa = PBXFileReference; explicitFileType = wrapper.cfbundle; includeInIndex = 0; path = "Clean Mobile Buyer GuideUITests.xctest"; sourceTree = BUILT_PRODUCTS_DIR; };
		2343BCA221535168006BBC3A /* Clean_Mobile_Buyer_GuideUITests.swift */ = {isa = PBXFileReference; lastKnownFileType = sourcecode.swift; path = Clean_Mobile_Buyer_GuideUITests.swift; sourceTree = "<group>"; };
		2343BCA421535168006BBC3A /* Info.plist */ = {isa = PBXFileReference; lastKnownFileType = text.plist.xml; path = Info.plist; sourceTree = "<group>"; };
/* End PBXFileReference section */

/* Begin PBXFrameworksBuildPhase section */
		2343BC7C21535167006BBC3A /* Frameworks */ = {
			isa = PBXFrameworksBuildPhase;
			buildActionMask = 2147483647;
			files = (
			);
			runOnlyForDeploymentPostprocessing = 0;
		};
		2343BC9021535168006BBC3A /* Frameworks */ = {
			isa = PBXFrameworksBuildPhase;
			buildActionMask = 2147483647;
			files = (
			);
			runOnlyForDeploymentPostprocessing = 0;
		};
		2343BC9B21535168006BBC3A /* Frameworks */ = {
			isa = PBXFrameworksBuildPhase;
			buildActionMask = 2147483647;
			files = (
			);
			runOnlyForDeploymentPostprocessing = 0;
		};
/* End PBXFrameworksBuildPhase section */

/* Begin PBXGroup section */
		2343BC7621535167006BBC3A = {
			isa = PBXGroup;
			children = (
				2343BC8121535167006BBC3A /* Clean Mobile Buyer Guide */,
				2343BC9621535168006BBC3A /* Clean Mobile Buyer GuideTests */,
				2343BCA121535168006BBC3A /* Clean Mobile Buyer GuideUITests */,
				2343BC8021535167006BBC3A /* Products */,
			);
			sourceTree = "<group>";
		};
		2343BC8021535167006BBC3A /* Products */ = {
			isa = PBXGroup;
			children = (
				2343BC7F21535167006BBC3A /* Clean Mobile Buyer Guide.app */,
				2343BC9321535168006BBC3A /* Clean Mobile Buyer GuideTests.xctest */,
				2343BC9E21535168006BBC3A /* Clean Mobile Buyer GuideUITests.xctest */,
			);
			name = Products;
			sourceTree = "<group>";
		};
		2343BC8121535167006BBC3A /* Clean Mobile Buyer Guide */ = {
			isa = PBXGroup;
			children = (
				2343BC8221535168006BBC3A /* AppDelegate.swift */,
				2343BC8421535168006BBC3A /* ViewController.swift */,
				2343BC8621535168006BBC3A /* Main.storyboard */,
				2343BC8921535168006BBC3A /* Assets.xcassets */,
				2343BC8B21535168006BBC3A /* LaunchScreen.storyboard */,
				2343BC8E21535168006BBC3A /* Info.plist */,
			);
			path = "Clean Mobile Buyer Guide";
			sourceTree = "<group>";
		};
		2343BC9621535168006BBC3A /* Clean Mobile Buyer GuideTests */ = {
			isa = PBXGroup;
			children = (
				2343BC9721535168006BBC3A /* Clean_Mobile_Buyer_GuideTests.swift */,
				2343BC9921535168006BBC3A /* Info.plist */,
			);
			path = "Clean Mobile Buyer GuideTests";
			sourceTree = "<group>";
		};
		2343BCA121535168006BBC3A /* Clean Mobile Buyer GuideUITests */ = {
			isa = PBXGroup;
			children = (
				2343BCA221535168006BBC3A /* Clean_Mobile_Buyer_GuideUITests.swift */,
				2343BCA421535168006BBC3A /* Info.plist */,
			);
			path = "Clean Mobile Buyer GuideUITests";
			sourceTree = "<group>";
		};
/* End PBXGroup section */

/* Begin PBXNativeTarget section */
		2343BC7E21535167006BBC3A /* Clean Mobile Buyer Guide */ = {
			isa = PBXNativeTarget;
			buildConfigurationList = 2343BCA721535168006BBC3A /* Build configuration list for PBXNativeTarget "Clean Mobile Buyer Guide" */;
			buildPhases = (
				2343BC7B21535167006BBC3A /* Sources */,
				2343BC7C21535167006BBC3A /* Frameworks */,
				2343BC7D21535167006BBC3A /* Resources */,
			);
			buildRules = (
			);
			dependencies = (
			);
			name = "Clean Mobile Buyer Guide";
			productName = "Clean Mobile Buyer Guide";
			productReference = 2343BC7F21535167006BBC3A /* Clean Mobile Buyer Guide.app */;
			productType = "com.apple.product-type.application";
		};
		2343BC9221535168006BBC3A /* Clean Mobile Buyer GuideTests */ = {
			isa = PBXNativeTarget;
			buildConfigurationList = 2343BCAA21535168006BBC3A /* Build configuration list for PBXNativeTarget "Clean Mobile Buyer GuideTests" */;
			buildPhases = (
				2343BC8F21535168006BBC3A /* Sources */,
				2343BC9021535168006BBC3A /* Frameworks */,
				2343BC9121535168006BBC3A /* Resources */,
			);
			buildRules = (
			);
			dependencies = (
				2343BC9521535168006BBC3A /* PBXTargetDependency */,
			);
			name = "Clean Mobile Buyer GuideTests";
			productName = "Clean Mobile Buyer GuideTests";
			productReference = 2343BC9321535168006BBC3A /* Clean Mobile Buyer GuideTests.xctest */;
			productType = "com.apple.product-type.bundle.unit-test";
		};
		2343BC9D21535168006BBC3A /* Clean Mobile Buyer GuideUITests */ = {
			isa = PBXNativeTarget;
			buildConfigurationList = 2343BCAD21535168006BBC3A /* Build configuration list for PBXNativeTarget "Clean Mobile Buyer GuideUITests" */;
			buildPhases = (
				2343BC9A21535168006BBC3A /* Sources */,
				2343BC9B21535168006BBC3A /* Frameworks */,
				2343BC9C21535168006BBC3A /* Resources */,
			);
			buildRules = (
			);
			dependencies = (
				2343BCA021535168006BBC3A /* PBXTargetDependency */,
			);
			name = "Clean Mobile Buyer GuideUITests";
			productName = "Clean Mobile Buyer GuideUITests";
			productReference = 2343BC9E21535168006BBC3A /* Clean Mobile Buyer GuideUITests.xctest */;
			productType = "com.apple.product-type.bundle.ui-testing";
		};
/* End PBXNativeTarget section */

/* Begin PBXProject section */
		2343BC7721535167006BBC3A /* Project object */ = {
			isa = PBXProject;
			attributes = {
				LastSwiftUpdateCheck = 0920;
				LastUpgradeCheck = 0920;
				ORGANIZATIONNAME = "ANUWAT SITTICHAK";
				TargetAttributes = {
					2343BC7E21535167006BBC3A = {
						CreatedOnToolsVersion = 9.2;
						ProvisioningStyle = Automatic;
					};
					2343BC9221535168006BBC3A = {
						CreatedOnToolsVersion = 9.2;
						ProvisioningStyle = Automatic;
						TestTargetID = 2343BC7E21535167006BBC3A;
					};
					2343BC9D21535168006BBC3A = {
						CreatedOnToolsVersion = 9.2;
						ProvisioningStyle = Automatic;
						TestTargetID = 2343BC7E21535167006BBC3A;
					};
				};
			};
			buildConfigurationList = 2343BC7A21535167006BBC3A /* Build configuration list for PBXProject "Clean Mobile Buyer Guide" */;
			compatibilityVersion = "Xcode 8.0";
			developmentRegion = en;
			hasScannedForEncodings = 0;
			knownRegions = (
				en,
				Base,
			);
			mainGroup = 2343BC7621535167006BBC3A;
			productRefGroup = 2343BC8021535167006BBC3A /* Products */;
			projectDirPath = "";
			projectRoot = "";
			targets = (
				2343BC7E21535167006BBC3A /* Clean Mobile Buyer Guide */,
				2343BC9221535168006BBC3A /* Clean Mobile Buyer GuideTests */,
				2343BC9D21535168006BBC3A /* Clean Mobile Buyer GuideUITests */,
			);
		};
/* End PBXProject section */

/* Begin PBXResourcesBuildPhase section */
		2343BC7D21535167006BBC3A /* Resources */ = {
			isa = PBXResourcesBuildPhase;
			buildActionMask = 2147483647;
			files = (
				2343BC8D21535168006BBC3A /* LaunchScreen.storyboard in Resources */,
				2343BC8A21535168006BBC3A /* Assets.xcassets in Resources */,
				2343BC8821535168006BBC3A /* Main.storyboard in Resources */,
			);
			runOnlyForDeploymentPostprocessing = 0;
		};
		2343BC9121535168006BBC3A /* Resources */ = {
			isa = PBXResourcesBuildPhase;
			buildActionMask = 2147483647;
			files = (
			);
			runOnlyForDeploymentPostprocessing = 0;
		};
		2343BC9C21535168006BBC3A /* Resources */ = {
			isa = PBXResourcesBuildPhase;
			buildActionMask = 2147483647;
			files = (
			);
			runOnlyForDeploymentPostprocessing = 0;
		};
/* End PBXResourcesBuildPhase section */

/* Begin PBXSourcesBuildPhase section */
		2343BC7B21535167006BBC3A /* Sources */ = {
			isa = PBXSourcesBuildPhase;
			buildActionMask = 2147483647;
			files = (
				2343BC8521535168006BBC3A /* ViewController.swift in Sources */,
				2343BC8321535168006BBC3A /* AppDelegate.swift in Sources */,
			);
			runOnlyForDeploymentPostprocessing = 0;
		};
		2343BC8F21535168006BBC3A /* Sources */ = {
			isa = PBXSourcesBuildPhase;
			buildActionMask = 2147483647;
			files = (
				2343BC9821535168006BBC3A /* Clean_Mobile_Buyer_GuideTests.swift in Sources */,
			);
			runOnlyForDeploymentPostprocessing = 0;
		};
		2343BC9A21535168006BBC3A /* Sources */ = {
			isa = PBXSourcesBuildPhase;
			buildActionMask = 2147483647;
			files = (
				2343BCA321535168006BBC3A /* Clean_Mobile_Buyer_GuideUITests.swift in Sources */,
			);
			runOnlyForDeploymentPostprocessing = 0;
		};
/* End PBXSourcesBuildPhase section */

/* Begin PBXTargetDependency section */
		2343BC9521535168006BBC3A /* PBXTargetDependency */ = {
			isa = PBXTargetDependency;
			target = 2343BC7E21535167006BBC3A /* Clean Mobile Buyer Guide */;
			targetProxy = 2343BC9421535168006BBC3A /* PBXContainerItemProxy */;
		};
		2343BCA021535168006BBC3A /* PBXTargetDependency */ = {
			isa = PBXTargetDependency;
			target = 2343BC7E21535167006BBC3A /* Clean Mobile Buyer Guide */;
			targetProxy = 2343BC9F21535168006BBC3A /* PBXContainerItemProxy */;
		};
/* End PBXTargetDependency section */

/* Begin PBXVariantGroup section */
		2343BC8621535168006BBC3A /* Main.storyboard */ = {
			isa = PBXVariantGroup;
			children = (
				2343BC8721535168006BBC3A /* Base */,
			);
			name = Main.storyboard;
			sourceTree = "<group>";
		};
		2343BC8B21535168006BBC3A /* LaunchScreen.storyboard */ = {
			isa = PBXVariantGroup;
			children = (
				2343BC8C21535168006BBC3A /* Base */,
			);
			name = LaunchScreen.storyboard;
			sourceTree = "<group>";
		};
/* End PBXVariantGroup section */

/* Begin XCBuildConfiguration section */
		2343BCA521535168006BBC3A /* Debug */ = {
			isa = XCBuildConfiguration;
			buildSettings = {
				ALWAYS_SEARCH_USER_PATHS = NO;
				CLANG_ANALYZER_NONNULL = YES;
				CLANG_ANALYZER_NUMBER_OBJECT_CONVERSION = YES_AGGRESSIVE;
				CLANG_CXX_LANGUAGE_STANDARD = "gnu++14";
				CLANG_CXX_LIBRARY = "libc++";
				CLANG_ENABLE_MODULES = YES;
				CLANG_ENABLE_OBJC_ARC = YES;
				CLANG_WARN_BLOCK_CAPTURE_AUTORELEASING = YES;
				CLANG_WARN_BOOL_CONVERSION = YES;
				CLANG_WARN_COMMA = YES;
				CLANG_WARN_CONSTANT_CONVERSION = YES;
				CLANG_WARN_DIRECT_OBJC_ISA_USAGE = YES_ERROR;
				CLANG_WARN_DOCUMENTATION_COMMENTS = YES;
				CLANG_WARN_EMPTY_BODY = YES;
				CLANG_WARN_ENUM_CONVERSION = YES;
				CLANG_WARN_INFINITE_RECURSION = YES;
				CLANG_WARN_INT_CONVERSION = YES;
				CLANG_WARN_NON_LITERAL_NULL_CONVERSION = YES;
				CLANG_WARN_OBJC_LITERAL_CONVERSION = YES;
				CLANG_WARN_OBJC_ROOT_CLASS = YES_ERROR;
				CLANG_WARN_RANGE_LOOP_ANALYSIS = YES;
				CLANG_WARN_STRICT_PROTOTYPES = YES;
				CLANG_WARN_SUSPICIOUS_MOVE = YES;
				CLANG_WARN_UNGUARDED_AVAILABILITY = YES_AGGRESSIVE;
				CLANG_WARN_UNREACHABLE_CODE = YES;
				CLANG_WARN__DUPLICATE_METHOD_MATCH = YES;
				CODE_SIGN_IDENTITY = "iPhone Developer";
				COPY_PHASE_STRIP = NO;
				DEBUG_INFORMATION_FORMAT = dwarf;
				ENABLE_STRICT_OBJC_MSGSEND = YES;
				ENABLE_TESTABILITY = YES;
				GCC_C_LANGUAGE_STANDARD = gnu11;
				GCC_DYNAMIC_NO_PIC = NO;
				GCC_NO_COMMON_BLOCKS = YES;
				GCC_OPTIMIZATION_LEVEL = 0;
				GCC_PREPROCESSOR_DEFINITIONS = (
					"DEBUG=1",
					"$(inherited)",
				);
				GCC_WARN_64_TO_32_BIT_CONVERSION = YES;
				GCC_WARN_ABOUT_RETURN_TYPE = YES_ERROR;
				GCC_WARN_UNDECLARED_SELECTOR = YES;
				GCC_WARN_UNINITIALIZED_AUTOS = YES_AGGRESSIVE;
				GCC_WARN_UNUSED_FUNCTION = YES;
				GCC_WARN_UNUSED_VARIABLE = YES;
				IPHONEOS_DEPLOYMENT_TARGET = 11.2;
				MTL_ENABLE_DEBUG_INFO = YES;
				ONLY_ACTIVE_ARCH = YES;
				SDKROOT = iphoneos;
				SWIFT_ACTIVE_COMPILATION_CONDITIONS = DEBUG;
				SWIFT_OPTIMIZATION_LEVEL = "-Onone";
			};
			name = Debug;
		};
		2343BCA621535168006BBC3A /* Release */ = {
			isa = XCBuildConfiguration;
			buildSettings = {
				ALWAYS_SEARCH_USER_PATHS = NO;
				CLANG_ANALYZER_NONNULL = YES;
				CLANG_ANALYZER_NUMBER_OBJECT_CONVERSION = YES_AGGRESSIVE;
				CLANG_CXX_LANGUAGE_STANDARD = "gnu++14";
				CLANG_CXX_LIBRARY = "libc++";
				CLANG_ENABLE_MODULES = YES;
				CLANG_ENABLE_OBJC_ARC = YES;
				CLANG_WARN_BLOCK_CAPTURE_AUTORELEASING = YES;
				CLANG_WARN_BOOL_CONVERSION = YES;
				CLANG_WARN_COMMA = YES;
				CLANG_WARN_CONSTANT_CONVERSION = YES;
				CLANG_WARN_DIRECT_OBJC_ISA_USAGE = YES_ERROR;
				CLANG_WARN_DOCUMENTATION_COMMENTS = YES;
				CLANG_WARN_EMPTY_BODY = YES;
				CLANG_WARN_ENUM_CONVERSION = YES;
				CLANG_WARN_INFINITE_RECURSION = YES;
				CLANG_WARN_INT_CONVERSION = YES;
				CLANG_WARN_NON_LITERAL_NULL_CONVERSION = YES;
				CLANG_WARN_OBJC_LITERAL_CONVERSION = YES;
				CLANG_WARN_OBJC_ROOT_CLASS = YES_ERROR;
				CLANG_WARN_RANGE_LOOP_ANALYSIS = YES;
				CLANG_WARN_STRICT_PROTOTYPES = YES;
				CLANG_WARN_SUSPICIOUS_MOVE = YES;
				CLANG_WARN_UNGUARDED_AVAILABILITY = YES_AGGRESSIVE;
				CLANG_WARN_UNREACHABLE_CODE = YES;
				CLANG_WARN__DUPLICATE_METHOD_MATCH = YES;
				CODE_SIGN_IDENTITY = "iPhone Developer";
				COPY_PHASE_STRIP = NO;
				DEBUG_INFORMATION_FORMAT = "dwarf-with-dsym";
				ENABLE_NS_ASSERTIONS = NO;
				ENABLE_STRICT_OBJC_MSGSEND = YES;
				GCC_C_LANGUAGE_STANDARD = gnu11;
				GCC_NO_COMMON_BLOCKS = YES;
				GCC_WARN_64_TO_32_BIT_CONVERSION = YES;
				GCC_WARN_ABOUT_RETURN_TYPE = YES_ERROR;
				GCC_WARN_UNDECLARED_SELECTOR = YES;
				GCC_WARN_UNINITIALIZED_AUTOS = YES_AGGRESSIVE;
				GCC_WARN_UNUSED_FUNCTION = YES;
				GCC_WARN_UNUSED_VARIABLE = YES;
				IPHONEOS_DEPLOYMENT_TARGET = 11.2;
				MTL_ENABLE_DEBUG_INFO = NO;
				SDKROOT = iphoneos;
				SWIFT_OPTIMIZATION_LEVEL = "-Owholemodule";
				VALIDATE_PRODUCT = YES;
			};
			name = Release;
		};
		2343BCA821535168006BBC3A /* Debug */ = {
			isa = XCBuildConfiguration;
			buildSettings = {
				ASSETCATALOG_COMPILER_APPICON_NAME = AppIcon;
				CODE_SIGN_STYLE = Automatic;
				INFOPLIST_FILE = "Clean Mobile Buyer Guide/Info.plist";
				LD_RUNPATH_SEARCH_PATHS = "$(inherited) @executable_path/Frameworks";
				PRODUCT_BUNDLE_IDENTIFIER = "com.anuwat-sittichak.clean-mbg.Clean-Mobile-Buyer-Guide";
				PRODUCT_NAME = "$(TARGET_NAME)";
				SWIFT_VERSION = 4.0;
				TARGETED_DEVICE_FAMILY = "1,2";
			};
			name = Debug;
		};
		2343BCA921535168006BBC3A /* Release */ = {
			isa = XCBuildConfiguration;
			buildSettings = {
				ASSETCATALOG_COMPILER_APPICON_NAME = AppIcon;
				CODE_SIGN_STYLE = Automatic;
				INFOPLIST_FILE = "Clean Mobile Buyer Guide/Info.plist";
				LD_RUNPATH_SEARCH_PATHS = "$(inherited) @executable_path/Frameworks";
				PRODUCT_BUNDLE_IDENTIFIER = "com.anuwat-sittichak.clean-mbg.Clean-Mobile-Buyer-Guide";
				PRODUCT_NAME = "$(TARGET_NAME)";
				SWIFT_VERSION = 4.0;
				TARGETED_DEVICE_FAMILY = "1,2";
			};
			name = Release;
		};
		2343BCAB21535168006BBC3A /* Debug */ = {
			isa = XCBuildConfiguration;
			buildSettings = {
				ALWAYS_EMBED_SWIFT_STANDARD_LIBRARIES = YES;
				BUNDLE_LOADER = "$(TEST_HOST)";
				CODE_SIGN_STYLE = Automatic;
				INFOPLIST_FILE = "Clean Mobile Buyer GuideTests/Info.plist";
				LD_RUNPATH_SEARCH_PATHS = "$(inherited) @executable_path/Frameworks @loader_path/Frameworks";
				PRODUCT_BUNDLE_IDENTIFIER = "com.anuwat-sittichak.clean-mbg.Clean-Mobile-Buyer-GuideTests";
				PRODUCT_NAME = "$(TARGET_NAME)";
				SWIFT_VERSION = 4.0;
				TARGETED_DEVICE_FAMILY = "1,2";
				TEST_HOST = "$(BUILT_PRODUCTS_DIR)/Clean Mobile Buyer Guide.app/Clean Mobile Buyer Guide";
			};
			name = Debug;
		};
		2343BCAC21535168006BBC3A /* Release */ = {
			isa = XCBuildConfiguration;
			buildSettings = {
				ALWAYS_EMBED_SWIFT_STANDARD_LIBRARIES = YES;
				BUNDLE_LOADER = "$(TEST_HOST)";
				CODE_SIGN_STYLE = Automatic;
				INFOPLIST_FILE = "Clean Mobile Buyer GuideTests/Info.plist";
				LD_RUNPATH_SEARCH_PATHS = "$(inherited) @executable_path/Frameworks @loader_path/Frameworks";
				PRODUCT_BUNDLE_IDENTIFIER = "com.anuwat-sittichak.clean-mbg.Clean-Mobile-Buyer-GuideTests";
				PRODUCT_NAME = "$(TARGET_NAME)";
				SWIFT_VERSION = 4.0;
				TARGETED_DEVICE_FAMILY = "1,2";
				TEST_HOST = "$(BUILT_PRODUCTS_DIR)/Clean Mobile Buyer Guide.app/Clean Mobile Buyer Guide";
			};
			name = Release;
		};
		2343BCAE21535168006BBC3A /* Debug */ = {
			isa = XCBuildConfiguration;
			buildSettings = {
				ALWAYS_EMBED_SWIFT_STANDARD_LIBRARIES = YES;
				CODE_SIGN_STYLE = Automatic;
				INFOPLIST_FILE = "Clean Mobile Buyer GuideUITests/Info.plist";
				LD_RUNPATH_SEARCH_PATHS = "$(inherited) @executable_path/Frameworks @loader_path/Frameworks";
				PRODUCT_BUNDLE_IDENTIFIER = "com.anuwat-sittichak.clean-mbg.Clean-Mobile-Buyer-GuideUITests";
				PRODUCT_NAME = "$(TARGET_NAME)";
				SWIFT_VERSION = 4.0;
				TARGETED_DEVICE_FAMILY = "1,2";
				TEST_TARGET_NAME = "Clean Mobile Buyer Guide";
			};
			name = Debug;
		};
		2343BCAF21535168006BBC3A /* Release */ = {
			isa = XCBuildConfiguration;
			buildSettings = {
				ALWAYS_EMBED_SWIFT_STANDARD_LIBRARIES = YES;
				CODE_SIGN_STYLE = Automatic;
				INFOPLIST_FILE = "Clean Mobile Buyer GuideUITests/Info.plist";
				LD_RUNPATH_SEARCH_PATHS = "$(inherited) @executable_path/Frameworks @loader_path/Frameworks";
				PRODUCT_BUNDLE_IDENTIFIER = "com.anuwat-sittichak.clean-mbg.Clean-Mobile-Buyer-GuideUITests";
				PRODUCT_NAME = "$(TARGET_NAME)";
				SWIFT_VERSION = 4.0;
				TARGETED_DEVICE_FAMILY = "1,2";
				TEST_TARGET_NAME = "Clean Mobile Buyer Guide";
			};
			name = Release;
		};
/* End XCBuildConfiguration section */

/* Begin XCConfigurationList section */
		2343BC7A21535167006BBC3A /* Build configuration list for PBXProject "Clean Mobile Buyer Guide" */ = {
			isa = XCConfigurationList;
			buildConfigurations = (
				2343BCA521535168006BBC3A /* Debug */,
				2343BCA621535168006BBC3A /* Release */,
			);
			defaultConfigurationIsVisible = 0;
			defaultConfigurationName = Release;
		};
		2343BCA721535168006BBC3A /* Build configuration list for PBXNativeTarget "Clean Mobile Buyer Guide" */ = {
			isa = XCConfigurationList;
			buildConfigurations = (
				2343BCA821535168006BBC3A /* Debug */,
				2343BCA921535168006BBC3A /* Release */,
			);
			defaultConfigurationIsVisible = 0;
			defaultConfigurationName = Release;
		};
		2343BCAA21535168006BBC3A /* Build configuration list for PBXNativeTarget "Clean Mobile Buyer GuideTests" */ = {
			isa = XCConfigurationList;
			buildConfigurations = (
				2343BCAB21535168006BBC3A /* Debug */,
				2343BCAC21535168006BBC3A /* Release */,
			);
			defaultConfigurationIsVisible = 0;
			defaultConfigurationName = Release;
		};
		2343BCAD21535168006BBC3A /* Build configuration list for PBXNativeTarget "Clean Mobile Buyer GuideUITests" */ = {
			isa = XCConfigurationList;
			buildConfigurations = (
				2343BCAE21535168006BBC3A /* Debug */,
				2343BCAF21535168006BBC3A /* Release */,
			);
			defaultConfigurationIsVisible = 0;
			defaultConfigurationName = Release;
		};
/* End XCConfigurationList section */
	};
	rootObject = 2343BC7721535167006BBC3A /* Project object */;
}
