// !$*UTF8*$!
{
	archiveVersion = 1;
	classes = {
	};
	objectVersion = 48;
	objects = {

/* Begin PBXBuildFile section */
		232329C0215354F200C1D17B /* Alamofire.framework in Frameworks */ = {isa = PBXBuildFile; fileRef = 232329BF215354F200C1D17B /* Alamofire.framework */; };
		232329C32153555A00C1D17B /* ConnectionController.swift in Sources */ = {isa = PBXBuildFile; fileRef = 232329C22153555A00C1D17B /* ConnectionController.swift */; };
		232329C921535FDD00C1D17B /* MobileListViewController.swift in Sources */ = {isa = PBXBuildFile; fileRef = 232329C821535FDD00C1D17B /* MobileListViewController.swift */; };
		232329CB2153632C00C1D17B /* XLPagerTabStrip.framework in Frameworks */ = {isa = PBXBuildFile; fileRef = 232329CA2153632C00C1D17B /* XLPagerTabStrip.framework */; };
		232329D52153637800C1D17B /* RxCocoa.framework in Frameworks */ = {isa = PBXBuildFile; fileRef = 232329CD2153637800C1D17B /* RxCocoa.framework */; };
		232329D62153637800C1D17B /* SwiftyJSON.framework in Frameworks */ = {isa = PBXBuildFile; fileRef = 232329CE2153637800C1D17B /* SwiftyJSON.framework */; };
		232329D72153637800C1D17B /* SDWebImage.framework in Frameworks */ = {isa = PBXBuildFile; fileRef = 232329CF2153637800C1D17B /* SDWebImage.framework */; };
		232329D82153637800C1D17B /* RxBlocking.framework in Frameworks */ = {isa = PBXBuildFile; fileRef = 232329D02153637800C1D17B /* RxBlocking.framework */; };
		232329DD215363AC00C1D17B /* Properties.swift in Sources */ = {isa = PBXBuildFile; fileRef = 232329DC215363AC00C1D17B /* Properties.swift */; };
		232329DF2153642A00C1D17B /* MobileListInteractor.swift in Sources */ = {isa = PBXBuildFile; fileRef = 232329DE2153642A00C1D17B /* MobileListInteractor.swift */; };
		232329E12153645300C1D17B /* MobileListPresenter.swift in Sources */ = {isa = PBXBuildFile; fileRef = 232329E02153645300C1D17B /* MobileListPresenter.swift */; };
		232329E32153646300C1D17B /* MobileListWorker.swift in Sources */ = {isa = PBXBuildFile; fileRef = 232329E22153646300C1D17B /* MobileListWorker.swift */; };
		232329E7215365E900C1D17B /* MobileCell.swift in Sources */ = {isa = PBXBuildFile; fileRef = 232329E6215365E900C1D17B /* MobileCell.swift */; };
		232329E92153664C00C1D17B /* MobileListRouter.swift in Sources */ = {isa = PBXBuildFile; fileRef = 232329E82153664C00C1D17B /* MobileListRouter.swift */; };
		232329ED215366EA00C1D17B /* MobileCell.xib in Resources */ = {isa = PBXBuildFile; fileRef = 232329EC215366E900C1D17B /* MobileCell.xib */; };
		232329EF2153671800C1D17B /* MainViewController.swift in Sources */ = {isa = PBXBuildFile; fileRef = 232329EE2153671800C1D17B /* MainViewController.swift */; };
		232329F12153678900C1D17B /* FavoriteListViewController.swift in Sources */ = {isa = PBXBuildFile; fileRef = 232329F02153678900C1D17B /* FavoriteListViewController.swift */; };
		2343BC8321535168006BBC3A /* AppDelegate.swift in Sources */ = {isa = PBXBuildFile; fileRef = 2343BC8221535168006BBC3A /* AppDelegate.swift */; };
		2343BC8821535168006BBC3A /* Main.storyboard in Resources */ = {isa = PBXBuildFile; fileRef = 2343BC8621535168006BBC3A /* Main.storyboard */; };
		2343BC8A21535168006BBC3A /* Assets.xcassets in Resources */ = {isa = PBXBuildFile; fileRef = 2343BC8921535168006BBC3A /* Assets.xcassets */; };
		2343BC8D21535168006BBC3A /* LaunchScreen.storyboard in Resources */ = {isa = PBXBuildFile; fileRef = 2343BC8B21535168006BBC3A /* LaunchScreen.storyboard */; };
		2343BC9821535168006BBC3A /* Clean_Mobile_Buyer_GuideTests.swift in Sources */ = {isa = PBXBuildFile; fileRef = 2343BC9721535168006BBC3A /* Clean_Mobile_Buyer_GuideTests.swift */; };
		2343BCA321535168006BBC3A /* Clean_Mobile_Buyer_GuideUITests.swift in Sources */ = {isa = PBXBuildFile; fileRef = 2343BCA221535168006BBC3A /* Clean_Mobile_Buyer_GuideUITests.swift */; };
		236C0E6721536C6500021B0E /* AlertController.swift in Sources */ = {isa = PBXBuildFile; fileRef = 236C0E6621536C6500021B0E /* AlertController.swift */; };
		236C0E6921536CA400021B0E /* N.swift in Sources */ = {isa = PBXBuildFile; fileRef = 236C0E6821536CA400021B0E /* N.swift */; };
		236C0E7421537CDC00021B0E /* RxBlocking.framework in Frameworks */ = {isa = PBXBuildFile; fileRef = 232329D02153637800C1D17B /* RxBlocking.framework */; };
		236C0E7521537CDC00021B0E /* RxBlocking.framework in Embed Frameworks */ = {isa = PBXBuildFile; fileRef = 232329D02153637800C1D17B /* RxBlocking.framework */; settings = {ATTRIBUTES = (CodeSignOnCopy, RemoveHeadersOnCopy, ); }; };
		236C0E7621537CDC00021B0E /* RxCocoa.framework in Frameworks */ = {isa = PBXBuildFile; fileRef = 232329CD2153637800C1D17B /* RxCocoa.framework */; };
		236C0E7721537CDC00021B0E /* RxCocoa.framework in Embed Frameworks */ = {isa = PBXBuildFile; fileRef = 232329CD2153637800C1D17B /* RxCocoa.framework */; settings = {ATTRIBUTES = (CodeSignOnCopy, RemoveHeadersOnCopy, ); }; };
		236C0E7821537CDC00021B0E /* RxSwift.framework in Frameworks */ = {isa = PBXBuildFile; fileRef = 232329D22153637800C1D17B /* RxSwift.framework */; };
		236C0E7921537CDC00021B0E /* RxSwift.framework in Embed Frameworks */ = {isa = PBXBuildFile; fileRef = 232329D22153637800C1D17B /* RxSwift.framework */; settings = {ATTRIBUTES = (CodeSignOnCopy, RemoveHeadersOnCopy, ); }; };
		236C0E7B21537CDC00021B0E /* RxTest.framework in Embed Frameworks */ = {isa = PBXBuildFile; fileRef = 232329D12153637800C1D17B /* RxTest.framework */; settings = {ATTRIBUTES = (CodeSignOnCopy, RemoveHeadersOnCopy, ); }; };
		236C0E7C21537CDC00021B0E /* SDWebImage.framework in Frameworks */ = {isa = PBXBuildFile; fileRef = 232329CF2153637800C1D17B /* SDWebImage.framework */; };
		236C0E7D21537CDC00021B0E /* SDWebImage.framework in Embed Frameworks */ = {isa = PBXBuildFile; fileRef = 232329CF2153637800C1D17B /* SDWebImage.framework */; settings = {ATTRIBUTES = (CodeSignOnCopy, RemoveHeadersOnCopy, ); }; };
		236C0E7E21537CDC00021B0E /* SwiftyJSON.framework in Frameworks */ = {isa = PBXBuildFile; fileRef = 232329CE2153637800C1D17B /* SwiftyJSON.framework */; };
		236C0E7F21537CDC00021B0E /* SwiftyJSON.framework in Embed Frameworks */ = {isa = PBXBuildFile; fileRef = 232329CE2153637800C1D17B /* SwiftyJSON.framework */; settings = {ATTRIBUTES = (CodeSignOnCopy, RemoveHeadersOnCopy, ); }; };
		236C0E8121537CDC00021B0E /* XLPagerTabStrip.framework in Embed Frameworks */ = {isa = PBXBuildFile; fileRef = 232329CA2153632C00C1D17B /* XLPagerTabStrip.framework */; settings = {ATTRIBUTES = (CodeSignOnCopy, RemoveHeadersOnCopy, ); }; };
		236C0E8221537CDC00021B0E /* Alamofire.framework in Frameworks */ = {isa = PBXBuildFile; fileRef = 232329BF215354F200C1D17B /* Alamofire.framework */; };
		236C0E8321537CDC00021B0E /* Alamofire.framework in Embed Frameworks */ = {isa = PBXBuildFile; fileRef = 232329BF215354F200C1D17B /* Alamofire.framework */; settings = {ATTRIBUTES = (CodeSignOnCopy, RemoveHeadersOnCopy, ); }; };
		2380E4AF2153956A003382A8 /* MobilePhone.swift in Sources */ = {isa = PBXBuildFile; fileRef = 2380E4AE2153956A003382A8 /* MobilePhone.swift */; };
		23DB8683215396FB00F6D70A /* MainInteractor.swift in Sources */ = {isa = PBXBuildFile; fileRef = 23DB8682215396FB00F6D70A /* MainInteractor.swift */; };
		23DB86852153974000F6D70A /* MainWorker.swift in Sources */ = {isa = PBXBuildFile; fileRef = 23DB86842153974000F6D70A /* MainWorker.swift */; };
		23DB8687215397D200F6D70A /* MainPresenter.swift in Sources */ = {isa = PBXBuildFile; fileRef = 23DB8686215397D200F6D70A /* MainPresenter.swift */; };
		23DB86892153984C00F6D70A /* MainModel.swift in Sources */ = {isa = PBXBuildFile; fileRef = 23DB86882153984C00F6D70A /* MainModel.swift */; };
		23DB868C21539BDF00F6D70A /* FavoriteListInteractor.swift in Sources */ = {isa = PBXBuildFile; fileRef = 23DB868B21539BDF00F6D70A /* FavoriteListInteractor.swift */; };
		23DB868E21539BE700F6D70A /* FavoriteListPresenter.swift in Sources */ = {isa = PBXBuildFile; fileRef = 23DB868D21539BE700F6D70A /* FavoriteListPresenter.swift */; };
		23DB869021539BF200F6D70A /* FavoriteListWorker.swift in Sources */ = {isa = PBXBuildFile; fileRef = 23DB868F21539BF200F6D70A /* FavoriteListWorker.swift */; };
		23DB869221539BFB00F6D70A /* FavoriteListRouter.swift in Sources */ = {isa = PBXBuildFile; fileRef = 23DB869121539BFB00F6D70A /* FavoriteListRouter.swift */; };
		23DB86942153AFD900F6D70A /* MobileDetailViewController.swift in Sources */ = {isa = PBXBuildFile; fileRef = 23DB86932153AFD900F6D70A /* MobileDetailViewController.swift */; };
/* End PBXBuildFile section */

/* Begin PBXContainerItemProxy section */
		2343BC9421535168006BBC3A /* PBXContainerItemProxy */ = {
			isa = PBXContainerItemProxy;
			containerPortal = 2343BC7721535167006BBC3A /* Project object */;
			proxyType = 1;
			remoteGlobalIDString = 2343BC7E21535167006BBC3A;
			remoteInfo = "Clean Mobile Buyer Guide";
		};
		2343BC9F21535168006BBC3A /* PBXContainerItemProxy */ = {
			isa = PBXContainerItemProxy;
			containerPortal = 2343BC7721535167006BBC3A /* Project object */;
			proxyType = 1;
			remoteGlobalIDString = 2343BC7E21535167006BBC3A;
			remoteInfo = "Clean Mobile Buyer Guide";
		};
/* End PBXContainerItemProxy section */

/* Begin PBXCopyFilesBuildPhase section */
		236C0E6C21537C6700021B0E /* Embed Frameworks */ = {
			isa = PBXCopyFilesBuildPhase;
			buildActionMask = 2147483647;
			dstPath = "";
			dstSubfolderSpec = 10;
			files = (
				236C0E7F21537CDC00021B0E /* SwiftyJSON.framework in Embed Frameworks */,
				236C0E8121537CDC00021B0E /* XLPagerTabStrip.framework in Embed Frameworks */,
				236C0E7921537CDC00021B0E /* RxSwift.framework in Embed Frameworks */,
				236C0E8321537CDC00021B0E /* Alamofire.framework in Embed Frameworks */,
				236C0E7721537CDC00021B0E /* RxCocoa.framework in Embed Frameworks */,
				236C0E7B21537CDC00021B0E /* RxTest.framework in Embed Frameworks */,
				236C0E7D21537CDC00021B0E /* SDWebImage.framework in Embed Frameworks */,
				236C0E7521537CDC00021B0E /* RxBlocking.framework in Embed Frameworks */,
			);
			name = "Embed Frameworks";
			runOnlyForDeploymentPostprocessing = 0;
		};
/* End PBXCopyFilesBuildPhase section */

/* Begin PBXFileReference section */
		232329BF215354F200C1D17B /* Alamofire.framework */ = {isa = PBXFileReference; lastKnownFileType = wrapper.framework; name = Alamofire.framework; path = Carthage/Build/iOS/Alamofire.framework; sourceTree = "<group>"; };
		232329C22153555A00C1D17B /* ConnectionController.swift */ = {isa = PBXFileReference; lastKnownFileType = sourcecode.swift; path = ConnectionController.swift; sourceTree = "<group>"; };
		232329C821535FDD00C1D17B /* MobileListViewController.swift */ = {isa = PBXFileReference; lastKnownFileType = sourcecode.swift; path = MobileListViewController.swift; sourceTree = "<group>"; };
		232329CA2153632C00C1D17B /* XLPagerTabStrip.framework */ = {isa = PBXFileReference; lastKnownFileType = wrapper.framework; name = XLPagerTabStrip.framework; path = Carthage/Build/iOS/XLPagerTabStrip.framework; sourceTree = "<group>"; };
		232329CC2153637700C1D17B /* Realm.framework */ = {isa = PBXFileReference; lastKnownFileType = wrapper.framework; name = Realm.framework; path = Carthage/Build/iOS/Realm.framework; sourceTree = "<group>"; };
		232329CD2153637800C1D17B /* RxCocoa.framework */ = {isa = PBXFileReference; lastKnownFileType = wrapper.framework; name = RxCocoa.framework; path = Carthage/Build/iOS/RxCocoa.framework; sourceTree = "<group>"; };
		232329CE2153637800C1D17B /* SwiftyJSON.framework */ = {isa = PBXFileReference; lastKnownFileType = wrapper.framework; name = SwiftyJSON.framework; path = Carthage/Build/iOS/SwiftyJSON.framework; sourceTree = "<group>"; };
		232329CF2153637800C1D17B /* SDWebImage.framework */ = {isa = PBXFileReference; lastKnownFileType = wrapper.framework; name = SDWebImage.framework; path = Carthage/Build/iOS/SDWebImage.framework; sourceTree = "<group>"; };
		232329D02153637800C1D17B /* RxBlocking.framework */ = {isa = PBXFileReference; lastKnownFileType = wrapper.framework; name = RxBlocking.framework; path = Carthage/Build/iOS/RxBlocking.framework; sourceTree = "<group>"; };
		232329D12153637800C1D17B /* RxTest.framework */ = {isa = PBXFileReference; lastKnownFileType = wrapper.framework; name = RxTest.framework; path = Carthage/Build/iOS/RxTest.framework; sourceTree = "<group>"; };
		232329D22153637800C1D17B /* RxSwift.framework */ = {isa = PBXFileReference; lastKnownFileType = wrapper.framework; name = RxSwift.framework; path = Carthage/Build/iOS/RxSwift.framework; sourceTree = "<group>"; };
		232329D32153637800C1D17B /* RealmSwift.framework */ = {isa = PBXFileReference; lastKnownFileType = wrapper.framework; name = RealmSwift.framework; path = Carthage/Build/iOS/RealmSwift.framework; sourceTree = "<group>"; };
		232329DC215363AC00C1D17B /* Properties.swift */ = {isa = PBXFileReference; lastKnownFileType = sourcecode.swift; path = Properties.swift; sourceTree = "<group>"; };
		232329DE2153642A00C1D17B /* MobileListInteractor.swift */ = {isa = PBXFileReference; lastKnownFileType = sourcecode.swift; path = MobileListInteractor.swift; sourceTree = "<group>"; };
		232329E02153645300C1D17B /* MobileListPresenter.swift */ = {isa = PBXFileReference; lastKnownFileType = sourcecode.swift; path = MobileListPresenter.swift; sourceTree = "<group>"; };
		232329E22153646300C1D17B /* MobileListWorker.swift */ = {isa = PBXFileReference; lastKnownFileType = sourcecode.swift; path = MobileListWorker.swift; sourceTree = "<group>"; };
		232329E6215365E900C1D17B /* MobileCell.swift */ = {isa = PBXFileReference; lastKnownFileType = sourcecode.swift; path = MobileCell.swift; sourceTree = "<group>"; };
		232329E82153664C00C1D17B /* MobileListRouter.swift */ = {isa = PBXFileReference; lastKnownFileType = sourcecode.swift; path = MobileListRouter.swift; sourceTree = "<group>"; };
		232329EC215366E900C1D17B /* MobileCell.xib */ = {isa = PBXFileReference; fileEncoding = 4; lastKnownFileType = file.xib; path = MobileCell.xib; sourceTree = SOURCE_ROOT; };
		232329EE2153671800C1D17B /* MainViewController.swift */ = {isa = PBXFileReference; lastKnownFileType = sourcecode.swift; path = MainViewController.swift; sourceTree = "<group>"; };
		232329F02153678900C1D17B /* FavoriteListViewController.swift */ = {isa = PBXFileReference; lastKnownFileType = sourcecode.swift; path = FavoriteListViewController.swift; sourceTree = "<group>"; };
		2343BC7F21535167006BBC3A /* Clean Mobile Buyer Guide.app */ = {isa = PBXFileReference; explicitFileType = wrapper.application; includeInIndex = 0; path = "Clean Mobile Buyer Guide.app"; sourceTree = BUILT_PRODUCTS_DIR; };
		2343BC8221535168006BBC3A /* AppDelegate.swift */ = {isa = PBXFileReference; lastKnownFileType = sourcecode.swift; path = AppDelegate.swift; sourceTree = "<group>"; };
		2343BC8721535168006BBC3A /* Base */ = {isa = PBXFileReference; lastKnownFileType = file.storyboard; name = Base; path = Base.lproj/Main.storyboard; sourceTree = "<group>"; };
		2343BC8921535168006BBC3A /* Assets.xcassets */ = {isa = PBXFileReference; lastKnownFileType = folder.assetcatalog; path = Assets.xcassets; sourceTree = "<group>"; };
		2343BC8C21535168006BBC3A /* Base */ = {isa = PBXFileReference; lastKnownFileType = file.storyboard; name = Base; path = Base.lproj/LaunchScreen.storyboard; sourceTree = "<group>"; };
		2343BC8E21535168006BBC3A /* Info.plist */ = {isa = PBXFileReference; lastKnownFileType = text.plist.xml; path = Info.plist; sourceTree = "<group>"; };
		2343BC9321535168006BBC3A /* Clean Mobile Buyer GuideTests.xctest */ = {isa = PBXFileReference; explicitFileType = wrapper.cfbundle; includeInIndex = 0; path = "Clean Mobile Buyer GuideTests.xctest"; sourceTree = BUILT_PRODUCTS_DIR; };
		2343BC9721535168006BBC3A /* Clean_Mobile_Buyer_GuideTests.swift */ = {isa = PBXFileReference; lastKnownFileType = sourcecode.swift; path = Clean_Mobile_Buyer_GuideTests.swift; sourceTree = "<group>"; };
		2343BC9921535168006BBC3A /* Info.plist */ = {isa = PBXFileReference; lastKnownFileType = text.plist.xml; path = Info.plist; sourceTree = "<group>"; };
		2343BC9E21535168006BBC3A /* Clean Mobile Buyer GuideUITests.xctest */ = {isa = PBXFileReference; explicitFileType = wrapper.cfbundle; includeInIndex = 0; path = "Clean Mobile Buyer GuideUITests.xctest"; sourceTree = BUILT_PRODUCTS_DIR; };
		2343BCA221535168006BBC3A /* Clean_Mobile_Buyer_GuideUITests.swift */ = {isa = PBXFileReference; lastKnownFileType = sourcecode.swift; path = Clean_Mobile_Buyer_GuideUITests.swift; sourceTree = "<group>"; };
		2343BCA421535168006BBC3A /* Info.plist */ = {isa = PBXFileReference; lastKnownFileType = text.plist.xml; path = Info.plist; sourceTree = "<group>"; };
		236C0E6621536C6500021B0E /* AlertController.swift */ = {isa = PBXFileReference; lastKnownFileType = sourcecode.swift; path = AlertController.swift; sourceTree = "<group>"; };
		236C0E6821536CA400021B0E /* N.swift */ = {isa = PBXFileReference; lastKnownFileType = sourcecode.swift; path = N.swift; sourceTree = "<group>"; };
		236C0E8B21537D6C00021B0E /* XCTest.framework */ = {isa = PBXFileReference; lastKnownFileType = wrapper.framework; name = XCTest.framework; path = Platforms/iPhoneOS.platform/Developer/Library/Frameworks/XCTest.framework; sourceTree = DEVELOPER_DIR; };
		2380E4AE2153956A003382A8 /* MobilePhone.swift */ = {isa = PBXFileReference; lastKnownFileType = sourcecode.swift; path = MobilePhone.swift; sourceTree = "<group>"; };
		23DB8682215396FB00F6D70A /* MainInteractor.swift */ = {isa = PBXFileReference; fileEncoding = 4; lastKnownFileType = sourcecode.swift; path = MainInteractor.swift; sourceTree = "<group>"; };
		23DB86842153974000F6D70A /* MainWorker.swift */ = {isa = PBXFileReference; fileEncoding = 4; lastKnownFileType = sourcecode.swift; path = MainWorker.swift; sourceTree = "<group>"; };
		23DB8686215397D200F6D70A /* MainPresenter.swift */ = {isa = PBXFileReference; lastKnownFileType = sourcecode.swift; path = MainPresenter.swift; sourceTree = "<group>"; };
		23DB86882153984C00F6D70A /* MainModel.swift */ = {isa = PBXFileReference; lastKnownFileType = sourcecode.swift; path = MainModel.swift; sourceTree = "<group>"; };
		23DB868B21539BDF00F6D70A /* FavoriteListInteractor.swift */ = {isa = PBXFileReference; lastKnownFileType = sourcecode.swift; path = FavoriteListInteractor.swift; sourceTree = "<group>"; };
		23DB868D21539BE700F6D70A /* FavoriteListPresenter.swift */ = {isa = PBXFileReference; lastKnownFileType = sourcecode.swift; path = FavoriteListPresenter.swift; sourceTree = "<group>"; };
		23DB868F21539BF200F6D70A /* FavoriteListWorker.swift */ = {isa = PBXFileReference; lastKnownFileType = sourcecode.swift; path = FavoriteListWorker.swift; sourceTree = "<group>"; };
		23DB869121539BFB00F6D70A /* FavoriteListRouter.swift */ = {isa = PBXFileReference; lastKnownFileType = sourcecode.swift; path = FavoriteListRouter.swift; sourceTree = "<group>"; };
		23DB86932153AFD900F6D70A /* MobileDetailViewController.swift */ = {isa = PBXFileReference; lastKnownFileType = sourcecode.swift; path = MobileDetailViewController.swift; sourceTree = "<group>"; };
/* End PBXFileReference section */

/* Begin PBXFrameworksBuildPhase section */
		2343BC7C21535167006BBC3A /* Frameworks */ = {
			isa = PBXFrameworksBuildPhase;
			buildActionMask = 2147483647;
			files = (
				236C0E7E21537CDC00021B0E /* SwiftyJSON.framework in Frameworks */,
				236C0E8221537CDC00021B0E /* Alamofire.framework in Frameworks */,
				236C0E7621537CDC00021B0E /* RxCocoa.framework in Frameworks */,
				236C0E7C21537CDC00021B0E /* SDWebImage.framework in Frameworks */,
				232329D52153637800C1D17B /* RxCocoa.framework in Frameworks */,
				236C0E7821537CDC00021B0E /* RxSwift.framework in Frameworks */,
				232329D62153637800C1D17B /* SwiftyJSON.framework in Frameworks */,
				232329D72153637800C1D17B /* SDWebImage.framework in Frameworks */,
				232329D82153637800C1D17B /* RxBlocking.framework in Frameworks */,
				236C0E7421537CDC00021B0E /* RxBlocking.framework in Frameworks */,
				232329C0215354F200C1D17B /* Alamofire.framework in Frameworks */,
				232329CB2153632C00C1D17B /* XLPagerTabStrip.framework in Frameworks */,
			);
			runOnlyForDeploymentPostprocessing = 0;
		};
		2343BC9021535168006BBC3A /* Frameworks */ = {
			isa = PBXFrameworksBuildPhase;
			buildActionMask = 2147483647;
			files = (
			);
			runOnlyForDeploymentPostprocessing = 0;
		};
		2343BC9B21535168006BBC3A /* Frameworks */ = {
			isa = PBXFrameworksBuildPhase;
			buildActionMask = 2147483647;
			files = (
			);
			runOnlyForDeploymentPostprocessing = 0;
		};
/* End PBXFrameworksBuildPhase section */

/* Begin PBXGroup section */
		232329BE215354F200C1D17B /* Frameworks */ = {
			isa = PBXGroup;
			children = (
				236C0E8B21537D6C00021B0E /* XCTest.framework */,
				232329CC2153637700C1D17B /* Realm.framework */,
				232329D32153637800C1D17B /* RealmSwift.framework */,
				232329D02153637800C1D17B /* RxBlocking.framework */,
				232329CD2153637800C1D17B /* RxCocoa.framework */,
				232329D22153637800C1D17B /* RxSwift.framework */,
				232329D12153637800C1D17B /* RxTest.framework */,
				232329CF2153637800C1D17B /* SDWebImage.framework */,
				232329CE2153637800C1D17B /* SwiftyJSON.framework */,
				232329CA2153632C00C1D17B /* XLPagerTabStrip.framework */,
				232329BF215354F200C1D17B /* Alamofire.framework */,
			);
			name = Frameworks;
			sourceTree = "<group>";
		};
		232329C421535C4600C1D17B /* MobileList */ = {
			isa = PBXGroup;
			children = (
				232329C821535FDD00C1D17B /* MobileListViewController.swift */,
				232329DE2153642A00C1D17B /* MobileListInteractor.swift */,
				232329E02153645300C1D17B /* MobileListPresenter.swift */,
				232329E22153646300C1D17B /* MobileListWorker.swift */,
				232329E82153664C00C1D17B /* MobileListRouter.swift */,
			);
			path = MobileList;
			sourceTree = "<group>";
		};
		232329C521535C5500C1D17B /* FavoriteList */ = {
			isa = PBXGroup;
			children = (
				232329F02153678900C1D17B /* FavoriteListViewController.swift */,
				23DB868B21539BDF00F6D70A /* FavoriteListInteractor.swift */,
				23DB868D21539BE700F6D70A /* FavoriteListPresenter.swift */,
				23DB868F21539BF200F6D70A /* FavoriteListWorker.swift */,
				23DB869121539BFB00F6D70A /* FavoriteListRouter.swift */,
			);
			path = FavoriteList;
			sourceTree = "<group>";
		};
		232329C621535C6100C1D17B /* MobileDetail */ = {
			isa = PBXGroup;
			children = (
				23DB86932153AFD900F6D70A /* MobileDetailViewController.swift */,
			);
			path = MobileDetail;
			sourceTree = "<group>";
		};
		232329C721535C7400C1D17B /* Controller */ = {
			isa = PBXGroup;
			children = (
				236C0E6621536C6500021B0E /* AlertController.swift */,
				232329C22153555A00C1D17B /* ConnectionController.swift */,
			);
			path = Controller;
			sourceTree = "<group>";
		};
		2343BC7621535167006BBC3A = {
			isa = PBXGroup;
			children = (
				2343BC8121535167006BBC3A /* Clean Mobile Buyer Guide */,
				2343BC9621535168006BBC3A /* Clean Mobile Buyer GuideTests */,
				2343BCA121535168006BBC3A /* Clean Mobile Buyer GuideUITests */,
				2343BC8021535167006BBC3A /* Products */,
				232329BE215354F200C1D17B /* Frameworks */,
			);
			sourceTree = "<group>";
		};
		2343BC8021535167006BBC3A /* Products */ = {
			isa = PBXGroup;
			children = (
				2343BC7F21535167006BBC3A /* Clean Mobile Buyer Guide.app */,
				2343BC9321535168006BBC3A /* Clean Mobile Buyer GuideTests.xctest */,
				2343BC9E21535168006BBC3A /* Clean Mobile Buyer GuideUITests.xctest */,
			);
			name = Products;
			sourceTree = "<group>";
		};
		2343BC8121535167006BBC3A /* Clean Mobile Buyer Guide */ = {
			isa = PBXGroup;
			children = (
				23DB86982153B04400F6D70A /* Data Object */,
				232329C721535C7400C1D17B /* Controller */,
				232329C621535C6100C1D17B /* MobileDetail */,
				232329C521535C5500C1D17B /* FavoriteList */,
				232329C421535C4600C1D17B /* MobileList */,
				23DB868A2153988800F6D70A /* Main */,
				2343BC8221535168006BBC3A /* AppDelegate.swift */,
				232329EC215366E900C1D17B /* MobileCell.xib */,
				2343BC8621535168006BBC3A /* Main.storyboard */,
				2343BC8921535168006BBC3A /* Assets.xcassets */,
				2343BC8B21535168006BBC3A /* LaunchScreen.storyboard */,
				2343BC8E21535168006BBC3A /* Info.plist */,
				232329DC215363AC00C1D17B /* Properties.swift */,
				232329E6215365E900C1D17B /* MobileCell.swift */,
				236C0E6821536CA400021B0E /* N.swift */,
			);
			path = "Clean Mobile Buyer Guide";
			sourceTree = "<group>";
		};
		2343BC9621535168006BBC3A /* Clean Mobile Buyer GuideTests */ = {
			isa = PBXGroup;
			children = (
				2343BC9721535168006BBC3A /* Clean_Mobile_Buyer_GuideTests.swift */,
				2343BC9921535168006BBC3A /* Info.plist */,
			);
			path = "Clean Mobile Buyer GuideTests";
			sourceTree = "<group>";
		};
		2343BCA121535168006BBC3A /* Clean Mobile Buyer GuideUITests */ = {
			isa = PBXGroup;
			children = (
				2343BCA221535168006BBC3A /* Clean_Mobile_Buyer_GuideUITests.swift */,
				2343BCA421535168006BBC3A /* Info.plist */,
			);
			path = "Clean Mobile Buyer GuideUITests";
			sourceTree = "<group>";
		};
		23DB868A2153988800F6D70A /* Main */ = {
			isa = PBXGroup;
			children = (
				232329EE2153671800C1D17B /* MainViewController.swift */,
				23DB86842153974000F6D70A /* MainWorker.swift */,
				23DB8682215396FB00F6D70A /* MainInteractor.swift */,
				23DB8686215397D200F6D70A /* MainPresenter.swift */,
				23DB86882153984C00F6D70A /* MainModel.swift */,
			);
			path = Main;
			sourceTree = "<group>";
		};
		23DB86982153B04400F6D70A /* Data Object */ = {
			isa = PBXGroup;
			children = (
				2380E4AE2153956A003382A8 /* MobilePhone.swift */,
			);
			path = "Data Object";
			sourceTree = "<group>";
		};
/* End PBXGroup section */

/* Begin PBXNativeTarget section */
		2343BC7E21535167006BBC3A /* Clean Mobile Buyer Guide */ = {
			isa = PBXNativeTarget;
			buildConfigurationList = 2343BCA721535168006BBC3A /* Build configuration list for PBXNativeTarget "Clean Mobile Buyer Guide" */;
			buildPhases = (
				2343BC7B21535167006BBC3A /* Sources */,
				2343BC7C21535167006BBC3A /* Frameworks */,
				2343BC7D21535167006BBC3A /* Resources */,
				232329C12153552700C1D17B /* ShellScript */,
				236C0E6C21537C6700021B0E /* Embed Frameworks */,
			);
			buildRules = (
			);
			dependencies = (
			);
			name = "Clean Mobile Buyer Guide";
			productName = "Clean Mobile Buyer Guide";
			productReference = 2343BC7F21535167006BBC3A /* Clean Mobile Buyer Guide.app */;
			productType = "com.apple.product-type.application";
		};
		2343BC9221535168006BBC3A /* Clean Mobile Buyer GuideTests */ = {
			isa = PBXNativeTarget;
			buildConfigurationList = 2343BCAA21535168006BBC3A /* Build configuration list for PBXNativeTarget "Clean Mobile Buyer GuideTests" */;
			buildPhases = (
				2343BC8F21535168006BBC3A /* Sources */,
				2343BC9021535168006BBC3A /* Frameworks */,
				2343BC9121535168006BBC3A /* Resources */,
			);
			buildRules = (
			);
			dependencies = (
				2343BC9521535168006BBC3A /* PBXTargetDependency */,
			);
			name = "Clean Mobile Buyer GuideTests";
			productName = "Clean Mobile Buyer GuideTests";
			productReference = 2343BC9321535168006BBC3A /* Clean Mobile Buyer GuideTests.xctest */;
			productType = "com.apple.product-type.bundle.unit-test";
		};
		2343BC9D21535168006BBC3A /* Clean Mobile Buyer GuideUITests */ = {
			isa = PBXNativeTarget;
			buildConfigurationList = 2343BCAD21535168006BBC3A /* Build configuration list for PBXNativeTarget "Clean Mobile Buyer GuideUITests" */;
			buildPhases = (
				2343BC9A21535168006BBC3A /* Sources */,
				2343BC9B21535168006BBC3A /* Frameworks */,
				2343BC9C21535168006BBC3A /* Resources */,
			);
			buildRules = (
			);
			dependencies = (
				2343BCA021535168006BBC3A /* PBXTargetDependency */,
			);
			name = "Clean Mobile Buyer GuideUITests";
			productName = "Clean Mobile Buyer GuideUITests";
			productReference = 2343BC9E21535168006BBC3A /* Clean Mobile Buyer GuideUITests.xctest */;
			productType = "com.apple.product-type.bundle.ui-testing";
		};
/* End PBXNativeTarget section */

/* Begin PBXProject section */
		2343BC7721535167006BBC3A /* Project object */ = {
			isa = PBXProject;
			attributes = {
				LastSwiftUpdateCheck = 0920;
				LastUpgradeCheck = 0920;
				ORGANIZATIONNAME = "ANUWAT SITTICHAK";
				TargetAttributes = {
					2343BC7E21535167006BBC3A = {
						CreatedOnToolsVersion = 9.2;
						ProvisioningStyle = Automatic;
					};
					2343BC9221535168006BBC3A = {
						CreatedOnToolsVersion = 9.2;
						ProvisioningStyle = Automatic;
						TestTargetID = 2343BC7E21535167006BBC3A;
					};
					2343BC9D21535168006BBC3A = {
						CreatedOnToolsVersion = 9.2;
						ProvisioningStyle = Automatic;
						TestTargetID = 2343BC7E21535167006BBC3A;
					};
				};
			};
			buildConfigurationList = 2343BC7A21535167006BBC3A /* Build configuration list for PBXProject "Clean Mobile Buyer Guide" */;
			compatibilityVersion = "Xcode 8.0";
			developmentRegion = en;
			hasScannedForEncodings = 0;
			knownRegions = (
				en,
				Base,
			);
			mainGroup = 2343BC7621535167006BBC3A;
			productRefGroup = 2343BC8021535167006BBC3A /* Products */;
			projectDirPath = "";
			projectRoot = "";
			targets = (
				2343BC7E21535167006BBC3A /* Clean Mobile Buyer Guide */,
				2343BC9221535168006BBC3A /* Clean Mobile Buyer GuideTests */,
				2343BC9D21535168006BBC3A /* Clean Mobile Buyer GuideUITests */,
			);
		};
/* End PBXProject section */

/* Begin PBXResourcesBuildPhase section */
		2343BC7D21535167006BBC3A /* Resources */ = {
			isa = PBXResourcesBuildPhase;
			buildActionMask = 2147483647;
			files = (
				2343BC8D21535168006BBC3A /* LaunchScreen.storyboard in Resources */,
				2343BC8A21535168006BBC3A /* Assets.xcassets in Resources */,
				2343BC8821535168006BBC3A /* Main.storyboard in Resources */,
				232329ED215366EA00C1D17B /* MobileCell.xib in Resources */,
			);
			runOnlyForDeploymentPostprocessing = 0;
		};
		2343BC9121535168006BBC3A /* Resources */ = {
			isa = PBXResourcesBuildPhase;
			buildActionMask = 2147483647;
			files = (
			);
			runOnlyForDeploymentPostprocessing = 0;
		};
		2343BC9C21535168006BBC3A /* Resources */ = {
			isa = PBXResourcesBuildPhase;
			buildActionMask = 2147483647;
			files = (
			);
			runOnlyForDeploymentPostprocessing = 0;
		};
/* End PBXResourcesBuildPhase section */

/* Begin PBXShellScriptBuildPhase section */
		232329C12153552700C1D17B /* ShellScript */ = {
			isa = PBXShellScriptBuildPhase;
			buildActionMask = 2147483647;
			files = (
			);
			inputPaths = (
				"$(SRCROOT)/Carthage/Build/iOS/Alamofire.framework",
			);
			outputPaths = (
			);
			runOnlyForDeploymentPostprocessing = 0;
			shellPath = /bin/sh;
			shellScript = "/usr/local/bin/carthage copy-frameworks";
		};
/* End PBXShellScriptBuildPhase section */

/* Begin PBXSourcesBuildPhase section */
		2343BC7B21535167006BBC3A /* Sources */ = {
			isa = PBXSourcesBuildPhase;
			buildActionMask = 2147483647;
			files = (
				23DB86942153AFD900F6D70A /* MobileDetailViewController.swift in Sources */,
				23DB86852153974000F6D70A /* MainWorker.swift in Sources */,
				236C0E6721536C6500021B0E /* AlertController.swift in Sources */,
				232329C921535FDD00C1D17B /* MobileListViewController.swift in Sources */,
				232329EF2153671800C1D17B /* MainViewController.swift in Sources */,
				232329C32153555A00C1D17B /* ConnectionController.swift in Sources */,
				2380E4AF2153956A003382A8 /* MobilePhone.swift in Sources */,
				23DB86892153984C00F6D70A /* MainModel.swift in Sources */,
				232329E92153664C00C1D17B /* MobileListRouter.swift in Sources */,
				232329DD215363AC00C1D17B /* Properties.swift in Sources */,
				23DB868C21539BDF00F6D70A /* FavoriteListInteractor.swift in Sources */,
				232329E7215365E900C1D17B /* MobileCell.swift in Sources */,
				232329DF2153642A00C1D17B /* MobileListInteractor.swift in Sources */,
				236C0E6921536CA400021B0E /* N.swift in Sources */,
				232329F12153678900C1D17B /* FavoriteListViewController.swift in Sources */,
				23DB869021539BF200F6D70A /* FavoriteListWorker.swift in Sources */,
				23DB8687215397D200F6D70A /* MainPresenter.swift in Sources */,
				232329E12153645300C1D17B /* MobileListPresenter.swift in Sources */,
				2343BC8321535168006BBC3A /* AppDelegate.swift in Sources */,
				232329E32153646300C1D17B /* MobileListWorker.swift in Sources */,
				23DB868E21539BE700F6D70A /* FavoriteListPresenter.swift in Sources */,
				23DB869221539BFB00F6D70A /* FavoriteListRouter.swift in Sources */,
				23DB8683215396FB00F6D70A /* MainInteractor.swift in Sources */,
			);
			runOnlyForDeploymentPostprocessing = 0;
		};
		2343BC8F21535168006BBC3A /* Sources */ = {
			isa = PBXSourcesBuildPhase;
			buildActionMask = 2147483647;
			files = (
				2343BC9821535168006BBC3A /* Clean_Mobile_Buyer_GuideTests.swift in Sources */,
			);
			runOnlyForDeploymentPostprocessing = 0;
		};
		2343BC9A21535168006BBC3A /* Sources */ = {
			isa = PBXSourcesBuildPhase;
			buildActionMask = 2147483647;
			files = (
				2343BCA321535168006BBC3A /* Clean_Mobile_Buyer_GuideUITests.swift in Sources */,
			);
			runOnlyForDeploymentPostprocessing = 0;
		};
/* End PBXSourcesBuildPhase section */

/* Begin PBXTargetDependency section */
		2343BC9521535168006BBC3A /* PBXTargetDependency */ = {
			isa = PBXTargetDependency;
			target = 2343BC7E21535167006BBC3A /* Clean Mobile Buyer Guide */;
			targetProxy = 2343BC9421535168006BBC3A /* PBXContainerItemProxy */;
		};
		2343BCA021535168006BBC3A /* PBXTargetDependency */ = {
			isa = PBXTargetDependency;
			target = 2343BC7E21535167006BBC3A /* Clean Mobile Buyer Guide */;
			targetProxy = 2343BC9F21535168006BBC3A /* PBXContainerItemProxy */;
		};
/* End PBXTargetDependency section */

/* Begin PBXVariantGroup section */
		2343BC8621535168006BBC3A /* Main.storyboard */ = {
			isa = PBXVariantGroup;
			children = (
				2343BC8721535168006BBC3A /* Base */,
			);
			name = Main.storyboard;
			sourceTree = "<group>";
		};
		2343BC8B21535168006BBC3A /* LaunchScreen.storyboard */ = {
			isa = PBXVariantGroup;
			children = (
				2343BC8C21535168006BBC3A /* Base */,
			);
			name = LaunchScreen.storyboard;
			sourceTree = "<group>";
		};
/* End PBXVariantGroup section */

/* Begin XCBuildConfiguration section */
		2343BCA521535168006BBC3A /* Debug */ = {
			isa = XCBuildConfiguration;
			buildSettings = {
				ALWAYS_SEARCH_USER_PATHS = NO;
				CLANG_ANALYZER_NONNULL = YES;
				CLANG_ANALYZER_NUMBER_OBJECT_CONVERSION = YES_AGGRESSIVE;
				CLANG_CXX_LANGUAGE_STANDARD = "gnu++14";
				CLANG_CXX_LIBRARY = "libc++";
				CLANG_ENABLE_MODULES = YES;
				CLANG_ENABLE_OBJC_ARC = YES;
				CLANG_WARN_BLOCK_CAPTURE_AUTORELEASING = YES;
				CLANG_WARN_BOOL_CONVERSION = YES;
				CLANG_WARN_COMMA = YES;
				CLANG_WARN_CONSTANT_CONVERSION = YES;
				CLANG_WARN_DIRECT_OBJC_ISA_USAGE = YES_ERROR;
				CLANG_WARN_DOCUMENTATION_COMMENTS = YES;
				CLANG_WARN_EMPTY_BODY = YES;
				CLANG_WARN_ENUM_CONVERSION = YES;
				CLANG_WARN_INFINITE_RECURSION = YES;
				CLANG_WARN_INT_CONVERSION = YES;
				CLANG_WARN_NON_LITERAL_NULL_CONVERSION = YES;
				CLANG_WARN_OBJC_LITERAL_CONVERSION = YES;
				CLANG_WARN_OBJC_ROOT_CLASS = YES_ERROR;
				CLANG_WARN_RANGE_LOOP_ANALYSIS = YES;
				CLANG_WARN_STRICT_PROTOTYPES = YES;
				CLANG_WARN_SUSPICIOUS_MOVE = YES;
				CLANG_WARN_UNGUARDED_AVAILABILITY = YES_AGGRESSIVE;
				CLANG_WARN_UNREACHABLE_CODE = YES;
				CLANG_WARN__DUPLICATE_METHOD_MATCH = YES;
				CODE_SIGN_IDENTITY = "iPhone Developer";
				COPY_PHASE_STRIP = NO;
				DEBUG_INFORMATION_FORMAT = dwarf;
				ENABLE_STRICT_OBJC_MSGSEND = YES;
				ENABLE_TESTABILITY = YES;
				GCC_C_LANGUAGE_STANDARD = gnu11;
				GCC_DYNAMIC_NO_PIC = NO;
				GCC_NO_COMMON_BLOCKS = YES;
				GCC_OPTIMIZATION_LEVEL = 0;
				GCC_PREPROCESSOR_DEFINITIONS = (
					"DEBUG=1",
					"$(inherited)",
				);
				GCC_WARN_64_TO_32_BIT_CONVERSION = YES;
				GCC_WARN_ABOUT_RETURN_TYPE = YES_ERROR;
				GCC_WARN_UNDECLARED_SELECTOR = YES;
				GCC_WARN_UNINITIALIZED_AUTOS = YES_AGGRESSIVE;
				GCC_WARN_UNUSED_FUNCTION = YES;
				GCC_WARN_UNUSED_VARIABLE = YES;
				IPHONEOS_DEPLOYMENT_TARGET = 11.2;
				MTL_ENABLE_DEBUG_INFO = YES;
				ONLY_ACTIVE_ARCH = YES;
				SDKROOT = iphoneos;
				SWIFT_ACTIVE_COMPILATION_CONDITIONS = DEBUG;
				SWIFT_OPTIMIZATION_LEVEL = "-Onone";
			};
			name = Debug;
		};
		2343BCA621535168006BBC3A /* Release */ = {
			isa = XCBuildConfiguration;
			buildSettings = {
				ALWAYS_SEARCH_USER_PATHS = NO;
				CLANG_ANALYZER_NONNULL = YES;
				CLANG_ANALYZER_NUMBER_OBJECT_CONVERSION = YES_AGGRESSIVE;
				CLANG_CXX_LANGUAGE_STANDARD = "gnu++14";
				CLANG_CXX_LIBRARY = "libc++";
				CLANG_ENABLE_MODULES = YES;
				CLANG_ENABLE_OBJC_ARC = YES;
				CLANG_WARN_BLOCK_CAPTURE_AUTORELEASING = YES;
				CLANG_WARN_BOOL_CONVERSION = YES;
				CLANG_WARN_COMMA = YES;
				CLANG_WARN_CONSTANT_CONVERSION = YES;
				CLANG_WARN_DIRECT_OBJC_ISA_USAGE = YES_ERROR;
				CLANG_WARN_DOCUMENTATION_COMMENTS = YES;
				CLANG_WARN_EMPTY_BODY = YES;
				CLANG_WARN_ENUM_CONVERSION = YES;
				CLANG_WARN_INFINITE_RECURSION = YES;
				CLANG_WARN_INT_CONVERSION = YES;
				CLANG_WARN_NON_LITERAL_NULL_CONVERSION = YES;
				CLANG_WARN_OBJC_LITERAL_CONVERSION = YES;
				CLANG_WARN_OBJC_ROOT_CLASS = YES_ERROR;
				CLANG_WARN_RANGE_LOOP_ANALYSIS = YES;
				CLANG_WARN_STRICT_PROTOTYPES = YES;
				CLANG_WARN_SUSPICIOUS_MOVE = YES;
				CLANG_WARN_UNGUARDED_AVAILABILITY = YES_AGGRESSIVE;
				CLANG_WARN_UNREACHABLE_CODE = YES;
				CLANG_WARN__DUPLICATE_METHOD_MATCH = YES;
				CODE_SIGN_IDENTITY = "iPhone Developer";
				COPY_PHASE_STRIP = NO;
				DEBUG_INFORMATION_FORMAT = "dwarf-with-dsym";
				ENABLE_NS_ASSERTIONS = NO;
				ENABLE_STRICT_OBJC_MSGSEND = YES;
				GCC_C_LANGUAGE_STANDARD = gnu11;
				GCC_NO_COMMON_BLOCKS = YES;
				GCC_WARN_64_TO_32_BIT_CONVERSION = YES;
				GCC_WARN_ABOUT_RETURN_TYPE = YES_ERROR;
				GCC_WARN_UNDECLARED_SELECTOR = YES;
				GCC_WARN_UNINITIALIZED_AUTOS = YES_AGGRESSIVE;
				GCC_WARN_UNUSED_FUNCTION = YES;
				GCC_WARN_UNUSED_VARIABLE = YES;
				IPHONEOS_DEPLOYMENT_TARGET = 11.2;
				MTL_ENABLE_DEBUG_INFO = NO;
				SDKROOT = iphoneos;
				SWIFT_OPTIMIZATION_LEVEL = "-Owholemodule";
				VALIDATE_PRODUCT = YES;
			};
			name = Release;
		};
		2343BCA821535168006BBC3A /* Debug */ = {
			isa = XCBuildConfiguration;
			buildSettings = {
				ASSETCATALOG_COMPILER_APPICON_NAME = AppIcon;
				CODE_SIGN_STYLE = Automatic;
				FRAMEWORK_SEARCH_PATHS = (
					"$(inherited)",
					"$(PROJECT_DIR)/Carthage/Build/iOS",
				);
				INFOPLIST_FILE = "Clean Mobile Buyer Guide/Info.plist";
				LD_RUNPATH_SEARCH_PATHS = "$(inherited) @executable_path/Frameworks";
				PRODUCT_BUNDLE_IDENTIFIER = "com.anuwat-sittichak.clean-mbg.Clean-Mobile-Buyer-Guide";
				PRODUCT_NAME = "$(TARGET_NAME)";
				SWIFT_VERSION = 4.0;
				TARGETED_DEVICE_FAMILY = "1,2";
			};
			name = Debug;
		};
		2343BCA921535168006BBC3A /* Release */ = {
			isa = XCBuildConfiguration;
			buildSettings = {
				ASSETCATALOG_COMPILER_APPICON_NAME = AppIcon;
				CODE_SIGN_STYLE = Automatic;
				FRAMEWORK_SEARCH_PATHS = (
					"$(inherited)",
					"$(PROJECT_DIR)/Carthage/Build/iOS",
				);
				INFOPLIST_FILE = "Clean Mobile Buyer Guide/Info.plist";
				LD_RUNPATH_SEARCH_PATHS = "$(inherited) @executable_path/Frameworks";
				PRODUCT_BUNDLE_IDENTIFIER = "com.anuwat-sittichak.clean-mbg.Clean-Mobile-Buyer-Guide";
				PRODUCT_NAME = "$(TARGET_NAME)";
				SWIFT_VERSION = 4.0;
				TARGETED_DEVICE_FAMILY = "1,2";
			};
			name = Release;
		};
		2343BCAB21535168006BBC3A /* Debug */ = {
			isa = XCBuildConfiguration;
			buildSettings = {
				ALWAYS_EMBED_SWIFT_STANDARD_LIBRARIES = YES;
				BUNDLE_LOADER = "$(TEST_HOST)";
				CODE_SIGN_STYLE = Automatic;
				INFOPLIST_FILE = "Clean Mobile Buyer GuideTests/Info.plist";
				LD_RUNPATH_SEARCH_PATHS = "$(inherited) @executable_path/Frameworks @loader_path/Frameworks";
				PRODUCT_BUNDLE_IDENTIFIER = "com.anuwat-sittichak.clean-mbg.Clean-Mobile-Buyer-GuideTests";
				PRODUCT_NAME = "$(TARGET_NAME)";
				SWIFT_VERSION = 4.0;
				TARGETED_DEVICE_FAMILY = "1,2";
				TEST_HOST = "$(BUILT_PRODUCTS_DIR)/Clean Mobile Buyer Guide.app/Clean Mobile Buyer Guide";
			};
			name = Debug;
		};
		2343BCAC21535168006BBC3A /* Release */ = {
			isa = XCBuildConfiguration;
			buildSettings = {
				ALWAYS_EMBED_SWIFT_STANDARD_LIBRARIES = YES;
				BUNDLE_LOADER = "$(TEST_HOST)";
				CODE_SIGN_STYLE = Automatic;
				INFOPLIST_FILE = "Clean Mobile Buyer GuideTests/Info.plist";
				LD_RUNPATH_SEARCH_PATHS = "$(inherited) @executable_path/Frameworks @loader_path/Frameworks";
				PRODUCT_BUNDLE_IDENTIFIER = "com.anuwat-sittichak.clean-mbg.Clean-Mobile-Buyer-GuideTests";
				PRODUCT_NAME = "$(TARGET_NAME)";
				SWIFT_VERSION = 4.0;
				TARGETED_DEVICE_FAMILY = "1,2";
				TEST_HOST = "$(BUILT_PRODUCTS_DIR)/Clean Mobile Buyer Guide.app/Clean Mobile Buyer Guide";
			};
			name = Release;
		};
		2343BCAE21535168006BBC3A /* Debug */ = {
			isa = XCBuildConfiguration;
			buildSettings = {
				ALWAYS_EMBED_SWIFT_STANDARD_LIBRARIES = YES;
				CODE_SIGN_STYLE = Automatic;
				INFOPLIST_FILE = "Clean Mobile Buyer GuideUITests/Info.plist";
				LD_RUNPATH_SEARCH_PATHS = "$(inherited) @executable_path/Frameworks @loader_path/Frameworks";
				PRODUCT_BUNDLE_IDENTIFIER = "com.anuwat-sittichak.clean-mbg.Clean-Mobile-Buyer-GuideUITests";
				PRODUCT_NAME = "$(TARGET_NAME)";
				SWIFT_VERSION = 4.0;
				TARGETED_DEVICE_FAMILY = "1,2";
				TEST_TARGET_NAME = "Clean Mobile Buyer Guide";
			};
			name = Debug;
		};
		2343BCAF21535168006BBC3A /* Release */ = {
			isa = XCBuildConfiguration;
			buildSettings = {
				ALWAYS_EMBED_SWIFT_STANDARD_LIBRARIES = YES;
				CODE_SIGN_STYLE = Automatic;
				INFOPLIST_FILE = "Clean Mobile Buyer GuideUITests/Info.plist";
				LD_RUNPATH_SEARCH_PATHS = "$(inherited) @executable_path/Frameworks @loader_path/Frameworks";
				PRODUCT_BUNDLE_IDENTIFIER = "com.anuwat-sittichak.clean-mbg.Clean-Mobile-Buyer-GuideUITests";
				PRODUCT_NAME = "$(TARGET_NAME)";
				SWIFT_VERSION = 4.0;
				TARGETED_DEVICE_FAMILY = "1,2";
				TEST_TARGET_NAME = "Clean Mobile Buyer Guide";
			};
			name = Release;
		};
/* End XCBuildConfiguration section */

/* Begin XCConfigurationList section */
		2343BC7A21535167006BBC3A /* Build configuration list for PBXProject "Clean Mobile Buyer Guide" */ = {
			isa = XCConfigurationList;
			buildConfigurations = (
				2343BCA521535168006BBC3A /* Debug */,
				2343BCA621535168006BBC3A /* Release */,
			);
			defaultConfigurationIsVisible = 0;
			defaultConfigurationName = Release;
		};
		2343BCA721535168006BBC3A /* Build configuration list for PBXNativeTarget "Clean Mobile Buyer Guide" */ = {
			isa = XCConfigurationList;
			buildConfigurations = (
				2343BCA821535168006BBC3A /* Debug */,
				2343BCA921535168006BBC3A /* Release */,
			);
			defaultConfigurationIsVisible = 0;
			defaultConfigurationName = Release;
		};
		2343BCAA21535168006BBC3A /* Build configuration list for PBXNativeTarget "Clean Mobile Buyer GuideTests" */ = {
			isa = XCConfigurationList;
			buildConfigurations = (
				2343BCAB21535168006BBC3A /* Debug */,
				2343BCAC21535168006BBC3A /* Release */,
			);
			defaultConfigurationIsVisible = 0;
			defaultConfigurationName = Release;
		};
		2343BCAD21535168006BBC3A /* Build configuration list for PBXNativeTarget "Clean Mobile Buyer GuideUITests" */ = {
			isa = XCConfigurationList;
			buildConfigurations = (
				2343BCAE21535168006BBC3A /* Debug */,
				2343BCAF21535168006BBC3A /* Release */,
			);
			defaultConfigurationIsVisible = 0;
			defaultConfigurationName = Release;
		};
/* End XCConfigurationList section */
	};
	rootObject = 2343BC7721535167006BBC3A /* Project object */;
}
